schema: '2.0'
stages:
  prepare:
    cmd: uv run -m travel_agent.pipeline.prepare
    deps:
    - path: data/raw/geo-reviews-dataset-2023.csv
      hash: md5
      md5: fc32c6fb5c1efecdc836f2749e1c4673
      size: 363459109
    - path: travel_agent/pipeline/prepare.py
      hash: md5
      md5: b3d23a73a33e74f523e67f1fa9da4115
      size: 1124
    params:
      params.yaml:
        prepare:
          dataset: data/raw/geo-reviews-dataset-2023.csv
          out_dir: data/prepared
          cities:
          - Москва
          - Санкт-Петербург
    outs:
    - path: data/prepared
      hash: md5
      md5: 08a719dcf6213956344112c4ed39e0ef.dir
      size: 116892430
      nfiles: 2
  generate_questions:
    cmd: uv run -m travel_agent.pipeline.generate_questions
    deps:
    - path: data/prepared/moskva.csv
      hash: md5
      md5: 5b2d8f87fff971ff2ac381eea6d362c8
      size: 78122812
    - path: travel_agent/pipeline/generate_questions.py
      hash: md5
      md5: 37b8fa5f5c919b76bfa817436c14ef41
      size: 4444
    params:
      params.yaml:
        generate_questions:
          seed: 2025
          dataset: data/prepared/moskva.csv
          out_dir: data/questions
          out_filename: questions.csv
          n_questions:
            rubric: 20
            address: 20
            rating_and_rubric: 10
            rating: 3
          keywords:
          - вкусный кофе
          - удобное расположение
          - онлайн-сервис
          - атмосфера
          - ресницы
    outs:
    - path: data/questions/moscow-questions.csv
      hash: md5
      md5: 8ed323619cfda0ebd4999cc2f75dcf27
      size: 3048487
  embed:
    cmd: uv run -m travel_agent.pipeline.embed
    deps:
    - path: data/questions/moscow-questions.csv
      hash: md5
      md5: 938087e5b93f9d2544bb25e1b2ceb0ed
      size: 2947093
    params:
      params.yaml:
        embed:
          todo: true
  generate_moscow_questions:
    cmd: uv run -m travel_agent.pipeline.generate_questions
    deps:
    - path: data/prepared/moskva.csv
      hash: md5
      md5: 5b2d8f87fff971ff2ac381eea6d362c8
      size: 78122812
    - path: travel_agent/pipeline/generate_questions.py
      hash: md5
      md5: 810d4429d7fe019e66359933353823d9
      size: 4425
    params:
      params.yaml:
        generate_questions:
          dataset: data/prepared/moskva.csv
          out_dir: data/questions
          out_filename: moscow-questions.csv
          n_questions:
            rubric: 20
            address: 20
            rating_and_rubric: 10
            rating: 3
          keywords:
          - вкусный кофе
          - удобное расположение
          - онлайн-сервис
          - атмосфера
          - ресницы
    outs:
    - path: data/questions/moscow-questions.csv
      hash: md5
      md5: 8ed323619cfda0ebd4999cc2f75dcf27
      size: 3048487
  generate_moscow_rag_questions:
    cmd: uv run -m travel_agent.pipeline.generate_rag_questions --dataset data/prepared/moskva.csv
    deps:
    - path: data/prepared/moskva.csv
      hash: md5
      md5: 5b2d8f87fff971ff2ac381eea6d362c8
      size: 78122812
    - path: travel_agent/pipeline/generate_rag_questions.py
      hash: md5
      md5: f691650c70aff04f62232a617e651077
      size: 4609
    params:
      params.yaml:
        generate_rag_questions:
          out_dir: data/questions
          n_questions:
            rubric: 20
            address: 20
            rating_and_rubric: 10
            rating: 3
          keywords:
          - вкусный кофе
          - удобное расположение
          - онлайн-сервис
          - атмосфера
          - ресницы
    outs:
    - path: data/questions/moskva.csv
      hash: md5
      md5: 8ed323619cfda0ebd4999cc2f75dcf27
      size: 3048487
  generate_saint_petersburg_rag_questions:
    cmd: uv run -m travel_agent.pipeline.generate_rag_questions --dataset data/prepared/sankt-peterburg.csv
    deps:
    - path: data/prepared/sankt-peterburg.csv
      hash: md5
      md5: 0475bb59086c4c10b131400d1ef5254e
      size: 38769618
    - path: travel_agent/pipeline/generate_rag_questions.py
      hash: md5
      md5: f691650c70aff04f62232a617e651077
      size: 4609
    params:
      params.yaml:
        generate_rag_questions:
          out_dir: data/questions
          n_questions:
            rubric: 20
            address: 20
            rating_and_rubric: 10
            rating: 3
          keywords:
          - вкусный кофе
          - удобное расположение
          - онлайн-сервис
          - атмосфера
          - ресницы
    outs:
    - path: data/questions/sankt-peterburg.csv
      hash: md5
      md5: c460ec849ff19a213ed9065ac6583668
      size: 1480528
