schema: '2.0'
stages:
  prepare:
    cmd: uv run travel_agent/pipeline/prepare.py -o data/prepared data/raw/geo-reviews-dataset-2023.csv
    deps:
    - path: data/raw/geo-reviews-dataset-2023.csv
      hash: md5
      md5: fc32c6fb5c1efecdc836f2749e1c4673
      size: 363459109
    - path: travel_agent/pipeline/prepare.py
      hash: md5
      md5: 2430d6a21e18fcddccaafa9407b0cc6b
      size: 1516
    params:
      params.yaml:
        prepare.seed: 2025
        prepare.split: 0.2
    outs:
    - path: data/prepared
      hash: md5
      md5: d98bc197a11a45971ad5e340ddca2197.dir
      size: 442246599
      nfiles: 3
